{
  "requires": true,
  "lockfileVersion": 1,
  "dependencies": {
    "7zip-bin": {
      "version": "5.2.0",
      "resolved": "https://registry.npmjs.org/7zip-bin/-/7zip-bin-5.2.0.tgz",
      "integrity": "sha512-ukTPVhqG4jNzMro2qA9HSCSSVJN3aN7tlb+hfqYCt3ER0yWroeA2VR38MNrOHLQ/cVj+DaIMad0kFCtWWowh/A=="
    },
    "debug": {
      "version": "4.3.4",
      "resolved": "https://registry.npmjs.org/debug/-/debug-4.3.4.tgz",
      "integrity": "sha512-PRWFHuSU3eDtQJPvnNY7Jcket1j0t5OuOsFzPPzsekD52Zl8qUfFIPEiswXqIvHWGVHOgX+7G/vCNNhehwxfkQ==",
      "requires": {
        "ms": "2.1.2"
      }
    },
    "js-easing-functions": {
      "version": "1.0.3",
      "resolved": "https://registry.npmjs.org/js-easing-functions/-/js-easing-functions-1.0.3.tgz",
      "integrity": "sha512-skDTLPuwWvAVYQVPwmjcFuCv8i8jtVD4L4FELxICwbS1HWFhs+627vOdDhQUGJMe9os6QO2XgEI4qb5umiUQFg=="
    },
    "lodash.defaultsdeep": {
      "version": "4.6.1",
      "resolved": "https://registry.npmjs.org/lodash.defaultsdeep/-/lodash.defaultsdeep-4.6.1.tgz",
      "integrity": "sha512-3j8wdDzYuWO3lM3Reg03MuQR957t287Rpcxp1njpEa8oDrikb+FwGdW3n+FELh/A6qib6yPit0j/pv9G/yeAqA=="
    },
    "lodash.defaultto": {
      "version": "4.14.0",
      "resolved": "https://registry.npmjs.org/lodash.defaultto/-/lodash.defaultto-4.14.0.tgz",
      "integrity": "sha512-G6tizqH6rg4P5j32Wy4Z3ZIip7OfG8YWWlPFzUFGcYStH1Ld0l1tWs6NevEQNEDnO1M3NZYjuHuraaFSN5WqeQ=="
    },
    "lodash.flattendeep": {
      "version": "4.4.0",
      "resolved": "https://registry.npmjs.org/lodash.flattendeep/-/lodash.flattendeep-4.4.0.tgz",
      "integrity": "sha512-uHaJFihxmJcEX3kT4I23ABqKKalJ/zDrDg0lsFtc1h+3uw49SIJ5beyhx5ExVRti3AvKoOJngIj7xz3oylPdWQ=="
    },
    "lodash.isempty": {
      "version": "4.4.0",
      "resolved": "https://registry.npmjs.org/lodash.isempty/-/lodash.isempty-4.4.0.tgz",
      "integrity": "sha512-oKMuF3xEeqDltrGMfDxAPGIVMSSRv8tbRSODbrs4KGsRRLEhrW8N8Rd4DRgB2+621hY8A8XwwrTVhXWpxFvMzg=="
    },
    "lodash.negate": {
      "version": "3.0.2",
      "resolved": "https://registry.npmjs.org/lodash.negate/-/lodash.negate-3.0.2.tgz",
      "integrity": "sha512-JGJYYVslKYC0tRMm/7igfdHulCjoXjoganRNWM8AgS+RXfOvFnPkOveDhPI65F9aAypCX9QEEQoBqWf7Q6uAeA=="
    },
    "ms": {
      "version": "2.1.2",
      "resolved": "https://registry.npmjs.org/ms/-/ms-2.1.2.tgz",
      "integrity": "sha512-sGkPx+VjMtmA6MX27oA4FBFELFCZZ4S4XqeGOXCv68tT+jb3vk/RyaKWP0PTKyWtmLSM0b+adUTEvbs1PEaH2w=="
    },
    "node-7z": {
      "version": "3.0.0",
      "resolved": "https://registry.npmjs.org/node-7z/-/node-7z-3.0.0.tgz",
      "integrity": "sha512-KIznWSxIkOYO/vOgKQfJEaXd7rgoFYKZbaurainCEdMhYc7V7mRHX+qdf2HgbpQFcdJL/Q6/XOPrDLoBeTfuZA==",
      "requires": {
        "debug": "^4.3.2",
        "lodash.defaultsdeep": "^4.6.1",
        "lodash.defaultto": "^4.14.0",
        "lodash.flattendeep": "^4.4.0",
        "lodash.isempty": "^4.4.0",
        "lodash.negate": "^3.0.2",
        "normalize-path": "^3.0.0"
      }
    },
    "nootils": {
      "version": "0.2.0",
      "resolved": "https://registry.npmjs.org/nootils/-/nootils-0.2.0.tgz",
      "integrity": "sha512-+1cJ/9iXI+Ac4bKd852YqB93kpryRZGP/ZF6fHL/LuYEtycf1c6GE5ypTnI6ygwVGEn+itnOA8So6t6R1isexw==",
      "requires": {
        "swifter_remapper": "^1.0.5"
      }
    },
    "normalize-path": {
      "version": "3.0.0",
      "resolved": "https://registry.npmjs.org/normalize-path/-/normalize-path-3.0.0.tgz",
      "integrity": "sha512-6eZs5Ls3WtCisHWp9S2GUy8dqkpGi4BVSz3GaqiE6ezub0512ESztXUwUB6C6IKbQkY2Pnb/mD4WYojCRwcwLA=="
    },
    "swifter_remapper": {
      "version": "1.0.11",
      "resolved": "https://registry.npmjs.org/swifter_remapper/-/swifter_remapper-1.0.11.tgz",
      "integrity": "sha512-ULpRWZxFY7O2Tg78Q8Z2jr7yiXo3KWyCUjTCwQRNqYUtbezi3mSkofSkfyKB57jHXF49vz7kUqsYMfWZOspK7w==",
      "requires": {
        "7zip-bin": "^5.1.1",
        "js-easing-functions": "^1.0.3",
        "node-7z": "^3.0.0",
        "three": "^0.136.0"
      }
    },
    "three": {
      "version": "0.136.0",
      "resolved": "https://registry.npmjs.org/three/-/three-0.136.0.tgz",
      "integrity": "sha512-+fEMX7nYLz2ZesVP/dyifli5Jf8gR3XPAnFJveQ80aMhibFduzrADnjMbARXh8+W9qLK7rshJCjAIL/6cDxC+A=="
    }
  }
}
